
Microsoft Visual Studio Solution File, Format Version 12.00
# Visual Studio Version 17
VisualStudioVersion = 17.5.2.0
MinimumVisualStudioVersion = 10.0.40219.1
Project("{2150E333-8FDC-42A3-9474-1A3956D46DE8}") = "Aula 05 - Operadores e Operaçoes", "Aula 05 - Operadores e Operaçoes", "{594AFA2F-AE4A-35B0-BC5B-AA7C19DE0079}"
EndProject
Project("{2150E333-8FDC-42A3-9474-1A3956D46DE8}") = "Aula 02 - Primeio programa no padrao c# -", "Aula 02 - Primeio programa no padrao c# -", "{AD37576E-FAC3-5B74-6DC5-FFA4EBBA23BD}"
EndProject
Project("{FAE04EC0-301F-11D3-BF4B-00C04F79EFBC}") = "CursoCSharp.Aula02", "Aula 02 - Primeio programa no padrao c# -\CursoCSharp.Aula02.csproj", "{F5F2AE05-F71E-4DE6-A6F1-53A07C1E0790}"
EndProject
Project("{2150E333-8FDC-42A3-9474-1A3956D46DE8}") = "Aula 03 - Variaveis", "Aula 03 - Variaveis", "{87BD1E04-91EA-3017-A8D3-57EA50239D2A}"
EndProject
Project("{FAE04EC0-301F-11D3-BF4B-00C04F79EFBC}") = "CursoCSharp.Aula03", "Aula 03 - Variaveis\CursoCSharp.Aula03.csproj", "{BB011F11-BDF4-4754-BA00-A872941C867D}"
EndProject
Project("{2150E333-8FDC-42A3-9474-1A3956D46DE8}") = "Aula 04 - Escopo de Variaveis", "Aula 04 - Escopo de Variaveis", "{CC59CD3F-6BEE-F03E-9D87-5045D2A8398F}"
EndProject
Project("{FAE04EC0-301F-11D3-BF4B-00C04F79EFBC}") = "CursoCSharp.Aula04", "Aula 04 - Escopo de Variaveis\CursoCSharp.Aula04.csproj", "{526164D9-2585-4245-B7C4-5718C8C63242}"
EndProject
Project("{2150E333-8FDC-42A3-9474-1A3956D46DE8}") = "Aula 06 - Formatando a saida no console", "Aula 06 - Formatando a saida no console", "{DA5A7CBA-3A3D-1486-3C54-602B05B1FC7F}"
EndProject
Project("{FAE04EC0-301F-11D3-BF4B-00C04F79EFBC}") = "CursoCSharp.Aula06", "Aula 06 - Formatando a saida no console\CursoCSharp.Aula06.csproj", "{D574C00D-4587-47E0-8C57-22BFFB681B24}"
EndProject
Project("{2150E333-8FDC-42A3-9474-1A3956D46DE8}") = "Aula 07 - Constantes em C#", "Aula 07 - Constantes em C#", "{F8B61A67-C77C-3DF3-E933-3D50BCF420B4}"
EndProject
Project("{FAE04EC0-301F-11D3-BF4B-00C04F79EFBC}") = "CursoCSharp.Aula07", "Aula 07 - Constantes em C#\CursoCSharp.Aula07.csproj", "{94386443-355F-441F-B1A8-AF233182395E}"
EndProject
Project("{2150E333-8FDC-42A3-9474-1A3956D46DE8}") = "Aula 08 - Lendo Valores do teclado", "Aula 08 - Lendo Valores do teclado", "{DE69D8F5-F8F0-FEAC-AD38-4775E16192E3}"
EndProject
Project("{FAE04EC0-301F-11D3-BF4B-00C04F79EFBC}") = "CursoCSharp.Aula08", "Aula 08 - Lendo Valores do teclado\CursoCSharp.Aula08.csproj", "{7310C7CC-C659-4C7B-BF41-36E088BF60FE}"
EndProject
Project("{FAE04EC0-301F-11D3-BF4B-00C04F79EFBC}") = "CursoCSharp.Aula05", "Aula 05 - Operadores e Operaçoes\CursoCSharp.Aula05.csproj", "{34CB9E54-EBAA-49BA-848A-1531ACB6FF77}"
EndProject
Project("{2150E333-8FDC-42A3-9474-1A3956D46DE8}") = "Aula 09 - Operacao de Bitwise", "Aula 09 - Operacao de Bitwise", "{549CC581-E1D5-ABFF-D02E-3681ADB6CBFF}"
EndProject
Project("{FAE04EC0-301F-11D3-BF4B-00C04F79EFBC}") = "CursoCSharp.Aula09", "Aula 09 - Operacao de Bitwise\CursoCSharp.Aula09.csproj", "{6650FB2C-784F-4906-9098-9AD2FF1156AF}"
EndProject
Global
	GlobalSection(SolutionConfigurationPlatforms) = preSolution
		Debug|Any CPU = Debug|Any CPU
		Debug|x64 = Debug|x64
		Debug|x86 = Debug|x86
		Release|Any CPU = Release|Any CPU
		Release|x64 = Release|x64
		Release|x86 = Release|x86
	EndGlobalSection
	GlobalSection(ProjectConfigurationPlatforms) = postSolution
		{F5F2AE05-F71E-4DE6-A6F1-53A07C1E0790}.Debug|Any CPU.ActiveCfg = Debug|Any CPU
		{F5F2AE05-F71E-4DE6-A6F1-53A07C1E0790}.Debug|Any CPU.Build.0 = Debug|Any CPU
		{F5F2AE05-F71E-4DE6-A6F1-53A07C1E0790}.Debug|x64.ActiveCfg = Debug|Any CPU
		{F5F2AE05-F71E-4DE6-A6F1-53A07C1E0790}.Debug|x64.Build.0 = Debug|Any CPU
		{F5F2AE05-F71E-4DE6-A6F1-53A07C1E0790}.Debug|x86.ActiveCfg = Debug|Any CPU
		{F5F2AE05-F71E-4DE6-A6F1-53A07C1E0790}.Debug|x86.Build.0 = Debug|Any CPU
		{F5F2AE05-F71E-4DE6-A6F1-53A07C1E0790}.Release|Any CPU.ActiveCfg = Release|Any CPU
		{F5F2AE05-F71E-4DE6-A6F1-53A07C1E0790}.Release|Any CPU.Build.0 = Release|Any CPU
		{F5F2AE05-F71E-4DE6-A6F1-53A07C1E0790}.Release|x64.ActiveCfg = Release|Any CPU
		{F5F2AE05-F71E-4DE6-A6F1-53A07C1E0790}.Release|x64.Build.0 = Release|Any CPU
		{F5F2AE05-F71E-4DE6-A6F1-53A07C1E0790}.Release|x86.ActiveCfg = Release|Any CPU
		{F5F2AE05-F71E-4DE6-A6F1-53A07C1E0790}.Release|x86.Build.0 = Release|Any CPU
		{BB011F11-BDF4-4754-BA00-A872941C867D}.Debug|Any CPU.ActiveCfg = Debug|Any CPU
		{BB011F11-BDF4-4754-BA00-A872941C867D}.Debug|Any CPU.Build.0 = Debug|Any CPU
		{BB011F11-BDF4-4754-BA00-A872941C867D}.Debug|x64.ActiveCfg = Debug|Any CPU
		{BB011F11-BDF4-4754-BA00-A872941C867D}.Debug|x64.Build.0 = Debug|Any CPU
		{BB011F11-BDF4-4754-BA00-A872941C867D}.Debug|x86.ActiveCfg = Debug|Any CPU
		{BB011F11-BDF4-4754-BA00-A872941C867D}.Debug|x86.Build.0 = Debug|Any CPU
		{BB011F11-BDF4-4754-BA00-A872941C867D}.Release|Any CPU.ActiveCfg = Release|Any CPU
		{BB011F11-BDF4-4754-BA00-A872941C867D}.Release|Any CPU.Build.0 = Release|Any CPU
		{BB011F11-BDF4-4754-BA00-A872941C867D}.Release|x64.ActiveCfg = Release|Any CPU
		{BB011F11-BDF4-4754-BA00-A872941C867D}.Release|x64.Build.0 = Release|Any CPU
		{BB011F11-BDF4-4754-BA00-A872941C867D}.Release|x86.ActiveCfg = Release|Any CPU
		{BB011F11-BDF4-4754-BA00-A872941C867D}.Release|x86.Build.0 = Release|Any CPU
		{526164D9-2585-4245-B7C4-5718C8C63242}.Debug|Any CPU.ActiveCfg = Debug|Any CPU
		{526164D9-2585-4245-B7C4-5718C8C63242}.Debug|Any CPU.Build.0 = Debug|Any CPU
		{526164D9-2585-4245-B7C4-5718C8C63242}.Debug|x64.ActiveCfg = Debug|Any CPU
		{526164D9-2585-4245-B7C4-5718C8C63242}.Debug|x64.Build.0 = Debug|Any CPU
		{526164D9-2585-4245-B7C4-5718C8C63242}.Debug|x86.ActiveCfg = Debug|Any CPU
		{526164D9-2585-4245-B7C4-5718C8C63242}.Debug|x86.Build.0 = Debug|Any CPU
		{526164D9-2585-4245-B7C4-5718C8C63242}.Release|Any CPU.ActiveCfg = Release|Any CPU
		{526164D9-2585-4245-B7C4-5718C8C63242}.Release|Any CPU.Build.0 = Release|Any CPU
		{526164D9-2585-4245-B7C4-5718C8C63242}.Release|x64.ActiveCfg = Release|Any CPU
		{526164D9-2585-4245-B7C4-5718C8C63242}.Release|x64.Build.0 = Release|Any CPU
		{526164D9-2585-4245-B7C4-5718C8C63242}.Release|x86.ActiveCfg = Release|Any CPU
		{526164D9-2585-4245-B7C4-5718C8C63242}.Release|x86.Build.0 = Release|Any CPU
		{D574C00D-4587-47E0-8C57-22BFFB681B24}.Debug|Any CPU.ActiveCfg = Debug|Any CPU
		{D574C00D-4587-47E0-8C57-22BFFB681B24}.Debug|Any CPU.Build.0 = Debug|Any CPU
		{D574C00D-4587-47E0-8C57-22BFFB681B24}.Debug|x64.ActiveCfg = Debug|Any CPU
		{D574C00D-4587-47E0-8C57-22BFFB681B24}.Debug|x64.Build.0 = Debug|Any CPU
		{D574C00D-4587-47E0-8C57-22BFFB681B24}.Debug|x86.ActiveCfg = Debug|Any CPU
		{D574C00D-4587-47E0-8C57-22BFFB681B24}.Debug|x86.Build.0 = Debug|Any CPU
		{D574C00D-4587-47E0-8C57-22BFFB681B24}.Release|Any CPU.ActiveCfg = Release|Any CPU
		{D574C00D-4587-47E0-8C57-22BFFB681B24}.Release|Any CPU.Build.0 = Release|Any CPU
		{D574C00D-4587-47E0-8C57-22BFFB681B24}.Release|x64.ActiveCfg = Release|Any CPU
		{D574C00D-4587-47E0-8C57-22BFFB681B24}.Release|x64.Build.0 = Release|Any CPU
		{D574C00D-4587-47E0-8C57-22BFFB681B24}.Release|x86.ActiveCfg = Release|Any CPU
		{D574C00D-4587-47E0-8C57-22BFFB681B24}.Release|x86.Build.0 = Release|Any CPU
		{94386443-355F-441F-B1A8-AF233182395E}.Debug|Any CPU.ActiveCfg = Debug|Any CPU
		{94386443-355F-441F-B1A8-AF233182395E}.Debug|Any CPU.Build.0 = Debug|Any CPU
		{94386443-355F-441F-B1A8-AF233182395E}.Debug|x64.ActiveCfg = Debug|Any CPU
		{94386443-355F-441F-B1A8-AF233182395E}.Debug|x64.Build.0 = Debug|Any CPU
		{94386443-355F-441F-B1A8-AF233182395E}.Debug|x86.ActiveCfg = Debug|Any CPU
		{94386443-355F-441F-B1A8-AF233182395E}.Debug|x86.Build.0 = Debug|Any CPU
		{94386443-355F-441F-B1A8-AF233182395E}.Release|Any CPU.ActiveCfg = Release|Any CPU
		{94386443-355F-441F-B1A8-AF233182395E}.Release|Any CPU.Build.0 = Release|Any CPU
		{94386443-355F-441F-B1A8-AF233182395E}.Release|x64.ActiveCfg = Release|Any CPU
		{94386443-355F-441F-B1A8-AF233182395E}.Release|x64.Build.0 = Release|Any CPU
		{94386443-355F-441F-B1A8-AF233182395E}.Release|x86.ActiveCfg = Release|Any CPU
		{94386443-355F-441F-B1A8-AF233182395E}.Release|x86.Build.0 = Release|Any CPU
		{7310C7CC-C659-4C7B-BF41-36E088BF60FE}.Debug|Any CPU.ActiveCfg = Debug|Any CPU
		{7310C7CC-C659-4C7B-BF41-36E088BF60FE}.Debug|Any CPU.Build.0 = Debug|Any CPU
		{7310C7CC-C659-4C7B-BF41-36E088BF60FE}.Debug|x64.ActiveCfg = Debug|Any CPU
		{7310C7CC-C659-4C7B-BF41-36E088BF60FE}.Debug|x64.Build.0 = Debug|Any CPU
		{7310C7CC-C659-4C7B-BF41-36E088BF60FE}.Debug|x86.ActiveCfg = Debug|Any CPU
		{7310C7CC-C659-4C7B-BF41-36E088BF60FE}.Debug|x86.Build.0 = Debug|Any CPU
		{7310C7CC-C659-4C7B-BF41-36E088BF60FE}.Release|Any CPU.ActiveCfg = Release|Any CPU
		{7310C7CC-C659-4C7B-BF41-36E088BF60FE}.Release|Any CPU.Build.0 = Release|Any CPU
		{7310C7CC-C659-4C7B-BF41-36E088BF60FE}.Release|x64.ActiveCfg = Release|Any CPU
		{7310C7CC-C659-4C7B-BF41-36E088BF60FE}.Release|x64.Build.0 = Release|Any CPU
		{7310C7CC-C659-4C7B-BF41-36E088BF60FE}.Release|x86.ActiveCfg = Release|Any CPU
		{7310C7CC-C659-4C7B-BF41-36E088BF60FE}.Release|x86.Build.0 = Release|Any CPU
		{34CB9E54-EBAA-49BA-848A-1531ACB6FF77}.Debug|Any CPU.ActiveCfg = Debug|Any CPU
		{34CB9E54-EBAA-49BA-848A-1531ACB6FF77}.Debug|Any CPU.Build.0 = Debug|Any CPU
		{34CB9E54-EBAA-49BA-848A-1531ACB6FF77}.Debug|x64.ActiveCfg = Debug|Any CPU
		{34CB9E54-EBAA-49BA-848A-1531ACB6FF77}.Debug|x64.Build.0 = Debug|Any CPU
		{34CB9E54-EBAA-49BA-848A-1531ACB6FF77}.Debug|x86.ActiveCfg = Debug|Any CPU
		{34CB9E54-EBAA-49BA-848A-1531ACB6FF77}.Debug|x86.Build.0 = Debug|Any CPU
		{34CB9E54-EBAA-49BA-848A-1531ACB6FF77}.Release|Any CPU.ActiveCfg = Release|Any CPU
		{34CB9E54-EBAA-49BA-848A-1531ACB6FF77}.Release|Any CPU.Build.0 = Release|Any CPU
		{34CB9E54-EBAA-49BA-848A-1531ACB6FF77}.Release|x64.ActiveCfg = Release|Any CPU
		{34CB9E54-EBAA-49BA-848A-1531ACB6FF77}.Release|x64.Build.0 = Release|Any CPU
		{34CB9E54-EBAA-49BA-848A-1531ACB6FF77}.Release|x86.ActiveCfg = Release|Any CPU
		{34CB9E54-EBAA-49BA-848A-1531ACB6FF77}.Release|x86.Build.0 = Release|Any CPU
		{6650FB2C-784F-4906-9098-9AD2FF1156AF}.Debug|Any CPU.ActiveCfg = Debug|Any CPU
		{6650FB2C-784F-4906-9098-9AD2FF1156AF}.Debug|Any CPU.Build.0 = Debug|Any CPU
		{6650FB2C-784F-4906-9098-9AD2FF1156AF}.Debug|x64.ActiveCfg = Debug|Any CPU
		{6650FB2C-784F-4906-9098-9AD2FF1156AF}.Debug|x64.Build.0 = Debug|Any CPU
		{6650FB2C-784F-4906-9098-9AD2FF1156AF}.Debug|x86.ActiveCfg = Debug|Any CPU
		{6650FB2C-784F-4906-9098-9AD2FF1156AF}.Debug|x86.Build.0 = Debug|Any CPU
		{6650FB2C-784F-4906-9098-9AD2FF1156AF}.Release|Any CPU.ActiveCfg = Release|Any CPU
		{6650FB2C-784F-4906-9098-9AD2FF1156AF}.Release|Any CPU.Build.0 = Release|Any CPU
		{6650FB2C-784F-4906-9098-9AD2FF1156AF}.Release|x64.ActiveCfg = Release|Any CPU
		{6650FB2C-784F-4906-9098-9AD2FF1156AF}.Release|x64.Build.0 = Release|Any CPU
		{6650FB2C-784F-4906-9098-9AD2FF1156AF}.Release|x86.ActiveCfg = Release|Any CPU
		{6650FB2C-784F-4906-9098-9AD2FF1156AF}.Release|x86.Build.0 = Release|Any CPU
	EndGlobalSection
	GlobalSection(SolutionProperties) = preSolution
		HideSolutionNode = FALSE
	EndGlobalSection
	GlobalSection(NestedProjects) = preSolution
		{F5F2AE05-F71E-4DE6-A6F1-53A07C1E0790} = {AD37576E-FAC3-5B74-6DC5-FFA4EBBA23BD}
		{BB011F11-BDF4-4754-BA00-A872941C867D} = {87BD1E04-91EA-3017-A8D3-57EA50239D2A}
		{526164D9-2585-4245-B7C4-5718C8C63242} = {CC59CD3F-6BEE-F03E-9D87-5045D2A8398F}
		{D574C00D-4587-47E0-8C57-22BFFB681B24} = {DA5A7CBA-3A3D-1486-3C54-602B05B1FC7F}
		{94386443-355F-441F-B1A8-AF233182395E} = {F8B61A67-C77C-3DF3-E933-3D50BCF420B4}
		{7310C7CC-C659-4C7B-BF41-36E088BF60FE} = {DE69D8F5-F8F0-FEAC-AD38-4775E16192E3}
		{34CB9E54-EBAA-49BA-848A-1531ACB6FF77} = {594AFA2F-AE4A-35B0-BC5B-AA7C19DE0079}
		{6650FB2C-784F-4906-9098-9AD2FF1156AF} = {549CC581-E1D5-ABFF-D02E-3681ADB6CBFF}
	EndGlobalSection
	GlobalSection(ExtensibilityGlobals) = postSolution
		SolutionGuid = {C6CB3888-E024-4996-BCC1-8737519F1A33}
	EndGlobalSection
EndGlobal
